# THIS IS AN AUTOGENERATED FILE. DO NOT EDIT THIS FILE DIRECTLY.
# yarn lockfile v1


"@pixi/accessibility@5.3.9":
  version "5.3.9"
  resolved "https://registry.yarnpkg.com/@pixi/accessibility/-/accessibility-5.3.9.tgz#c091ce48f5ab46a3026f46bc86cf8c09329a611e"
  integrity sha512-Y0+gjfq1ZJl4O6hC6O9KMCLvjAwSy3p9motZvfYs2x2QNLPI9IAafjn2qnM2Cp/Q86ySvqD6DCvLJZ/ni9tyVQ==
  dependencies:
    "@pixi/core" "5.3.9"
    "@pixi/display" "5.3.9"
    "@pixi/utils" "5.3.9"

"@pixi/app@5.3.9":
  version "5.3.9"
  resolved "https://registry.yarnpkg.com/@pixi/app/-/app-5.3.9.tgz#d21e9e0cc17671ca383652a7634671f40ffdd550"
  integrity sha512-5SDMFjCqX0TCMgjuDxLRNpphpIUC3mtTatw06PGf9OUgxMuRwy/PqamYArFosIhnoU4R9ubeo4dE1tQaeYniQw==
  dependencies:
    "@pixi/core" "5.3.9"
    "@pixi/display" "5.3.9"

"@pixi/constants@5.3.9":
  version "5.3.9"
  resolved "https://registry.yarnpkg.com/@pixi/constants/-/constants-5.3.9.tgz#587bed7f110975b0b0ac628e6b4411aa582f7e00"
  integrity sha512-ItYz91qkQdklsjVMHFBPjxE2qiuhv8M8A1c+j3oSBIvRR2/usjwJ24ppYe9TeISa/ONmM24EIW9u9X8WZ0fF8g==

"@pixi/core@5.3.9":
  version "5.3.9"
  resolved "https://registry.yarnpkg.com/@pixi/core/-/core-5.3.9.tgz#d7c615699b2cc383ed842d9350a291a13bc70b10"
  integrity sha512-a2W/tqbMGeaNgkcZ2F4930W6OSFwZcOza/z0U9/Pw1JQRgzpJw1ZjZWM+XP0zI0BYcAI+jQUqleBxg5lp3L9HQ==
  dependencies:
    "@pixi/constants" "5.3.9"
    "@pixi/math" "5.3.9"
    "@pixi/runner" "5.3.9"
    "@pixi/settings" "5.3.9"
    "@pixi/ticker" "5.3.9"
    "@pixi/utils" "5.3.9"

"@pixi/display@5.3.9":
  version "5.3.9"
  resolved "https://registry.yarnpkg.com/@pixi/display/-/display-5.3.9.tgz#c6799c148cef516f7218f1463f1ceac8ee00e28d"
  integrity sha512-5oNJjZp2if+cm1Wc19OjnO5yDmJozg0ctcxonT7YV2zMkfYc3M1C8svgpkKq5zJILjwSKio2lYbTa/6pGSgtBA==
  dependencies:
    "@pixi/math" "5.3.9"
    "@pixi/settings" "5.3.9"
    "@pixi/utils" "5.3.9"

"@pixi/extract@5.3.9":
  version "5.3.9"
  resolved "https://registry.yarnpkg.com/@pixi/extract/-/extract-5.3.9.tgz#64304bf924311d1ec130ddf421aa1f4ac5f7b144"
  integrity sha512-h74fAPyiRgZudysbd1Jss3uKtl89wprRxRVbTQHWzSeu382qBGPXONHmT7RIQRk4hRMAASxeWltibVtKMphelQ==
  dependencies:
    "@pixi/core" "5.3.9"
    "@pixi/math" "5.3.9"
    "@pixi/utils" "5.3.9"

"@pixi/filter-alpha@5.3.9":
  version "5.3.9"
  resolved "https://registry.yarnpkg.com/@pixi/filter-alpha/-/filter-alpha-5.3.9.tgz#409e322f4466ddfd0ce364511f33be3b0437d45f"
  integrity sha512-qfPJeKViLl/55dGzqX7qzTXy7XLIURw8kOdr89BssoQnGLosI7gEcKXMk2ib+tKk2KYzlGCScmcx1TU+sC++xQ==
  dependencies:
    "@pixi/core" "5.3.9"

"@pixi/filter-blur@5.3.9":
  version "5.3.9"
  resolved "https://registry.yarnpkg.com/@pixi/filter-blur/-/filter-blur-5.3.9.tgz#99bba22b57d36bc2f2f75e7f46fddfd0956405d6"
  integrity sha512-Xr5/irGK70oF4Xw3wabeKecq9oFTZDJ/oKPKotFgG+Dxiy2DmBh+oHpOsteCJ18QLHvKLrr0AJt6AkpoNFcKnQ==
  dependencies:
    "@pixi/core" "5.3.9"
    "@pixi/settings" "5.3.9"

"@pixi/filter-color-matrix@5.3.9":
  version "5.3.9"
  resolved "https://registry.yarnpkg.com/@pixi/filter-color-matrix/-/filter-color-matrix-5.3.9.tgz#26914ce45cfebc98067435fd42755f4454a28877"
  integrity sha512-02Bj4TPhLl5PneZh9eaAhJgWjKv4HfR/4+gJxzp4/Es61aW/fz+38DD5JywmXNDV39RnUhLpvnMrbqYzdHXZIw==
  dependencies:
    "@pixi/core" "5.3.9"

"@pixi/filter-displacement@5.3.9":
  version "5.3.9"
  resolved "https://registry.yarnpkg.com/@pixi/filter-displacement/-/filter-displacement-5.3.9.tgz#1bd2c7ef006207664de5f644bffcc71a10d58716"
  integrity sha512-VWwk1jyrS2VMprzknaqA9PqNda7TS2qp3tAVt97qadM5sRE0LzkhYvd+w4/b2TzvrHcu+0q5odmKuFuiSSE51Q==
  dependencies:
    "@pixi/core" "5.3.9"
    "@pixi/math" "5.3.9"

"@pixi/filter-fxaa@5.3.9":
  version "5.3.9"
  resolved "https://registry.yarnpkg.com/@pixi/filter-fxaa/-/filter-fxaa-5.3.9.tgz#fe63023c9f0bd63bed32ad91f54976437b5002f1"
  integrity sha512-fuOADEHVn9XVyo8o88TiPgHRQ7P3NpGkQmS95mFW9SIP//QuQ8ikj3yYuBKtNM6TsCsJe7/bTv4i7uX8l00kVQ==
  dependencies:
    "@pixi/core" "5.3.9"

"@pixi/filter-noise@5.3.9":
  version "5.3.9"
  resolved "https://registry.yarnpkg.com/@pixi/filter-noise/-/filter-noise-5.3.9.tgz#7f670fa2a838358078fda9e0b9eca58c44071321"
  integrity sha512-FtVbg49p0DLoaW2ua4no8ACgBJkip5yVYDqBkuZIPUP6PrXssCSjpU0w060TtcL6qQI9GpUqOBxffN3Qhn+VHg==
  dependencies:
    "@pixi/core" "5.3.9"

"@pixi/graphics@5.3.9":
  version "5.3.9"
  resolved "https://registry.yarnpkg.com/@pixi/graphics/-/graphics-5.3.9.tgz#bf9a8e447aa58b75326291a961e593dce4852d87"
  integrity sha512-JWzMabJI4iy3Wynv26VcgMvTN/QH6w2qoYS2WQZlA9YYPLrdIpRoArHUlSU4bAoc9AqrTuOI6Xd6xHZspLH36A==
  dependencies:
    "@pixi/constants" "5.3.9"
    "@pixi/core" "5.3.9"
    "@pixi/display" "5.3.9"
    "@pixi/math" "5.3.9"
    "@pixi/sprite" "5.3.9"
    "@pixi/utils" "5.3.9"

"@pixi/interaction@5.3.9":
  version "5.3.9"
  resolved "https://registry.yarnpkg.com/@pixi/interaction/-/interaction-5.3.9.tgz#b748d6e0b8517c50854a0aeea90ffa5b788173fe"
  integrity sha512-sDxS6/MXY3zhIJKbKCwHMhO7+2hbXGydIkZtn6LtpKN2X19z69M/C9Ka+5ckPfbmrKf25ohjvcGS8xWqf0sNOw==
  dependencies:
    "@pixi/core" "5.3.9"
    "@pixi/display" "5.3.9"
    "@pixi/math" "5.3.9"
    "@pixi/ticker" "5.3.9"
    "@pixi/utils" "5.3.9"

"@pixi/loaders@5.3.9":
  version "5.3.9"
  resolved "https://registry.yarnpkg.com/@pixi/loaders/-/loaders-5.3.9.tgz#848cad2e545f42bce3f9e841b550f32863b4946e"
  integrity sha512-qepjJ/aup+A5do26yj13Ma3z8kKp+HhkQL2F4uPeIm019DytO8vfKntjmNzU7obw2FMKbn1PRUmX8METLC6DOA==
  dependencies:
    "@pixi/core" "5.3.9"
    "@pixi/utils" "5.3.9"
    resource-loader "^3.0.1"

"@pixi/math@5.3.9":
  version "5.3.9"
  resolved "https://registry.yarnpkg.com/@pixi/math/-/math-5.3.9.tgz#6a7debdaecb82f54e05d2aa2c47057757009be54"
  integrity sha512-Ka5ypD22Te+DEx2572Zsct7mYnbl0em+lzvJBdbQnddCfvW9JBILAwULFa4Z8KxeeLT2PMCgp1wxwG1yQaiS6A==

"@pixi/mesh-extras@5.3.9":
  version "5.3.9"
  resolved "https://registry.yarnpkg.com/@pixi/mesh-extras/-/mesh-extras-5.3.9.tgz#c2219fee9c963b9291af57331bf83e2bc3f07991"
  integrity sha512-Xl7rXSjS048r8x1ZJ0s0DmKARqUhUPLp0VVhZho38IZKRFyEj1dkiOFYkamovxrVYdmZ12GvhdS74NSKiX1wEA==
  dependencies:
    "@pixi/constants" "5.3.9"
    "@pixi/core" "5.3.9"
    "@pixi/math" "5.3.9"
    "@pixi/mesh" "5.3.9"
    "@pixi/utils" "5.3.9"

"@pixi/mesh@5.3.9":
  version "5.3.9"
  resolved "https://registry.yarnpkg.com/@pixi/mesh/-/mesh-5.3.9.tgz#1c01af2b073b7e96ccce2ff809e495accd4e54cd"
  integrity sha512-fyKlk1AKJHwQ/0u+4+4nxScstreH05yHmCyDVM2fc1e9VbJy2Z7ZOueZCgguRfJrDvMqMqtkfKTWTzDvcADsYQ==
  dependencies:
    "@pixi/constants" "5.3.9"
    "@pixi/core" "5.3.9"
    "@pixi/display" "5.3.9"
    "@pixi/math" "5.3.9"
    "@pixi/settings" "5.3.9"
    "@pixi/utils" "5.3.9"

"@pixi/mixin-cache-as-bitmap@5.3.9":
  version "5.3.9"
  resolved "https://registry.yarnpkg.com/@pixi/mixin-cache-as-bitmap/-/mixin-cache-as-bitmap-5.3.9.tgz#a69fc20cb05eab0d4c09620195a652ccf4a13ffe"
  integrity sha512-udmyHkc8FIRlHzAg29kmvSFlbkO7Q9B3G3Oxiw5g/c8L2HE45iXpasor7o0gSAz90+gwWxieBK60uDKr4vX8sQ==
  dependencies:
    "@pixi/core" "5.3.9"
    "@pixi/display" "5.3.9"
    "@pixi/math" "5.3.9"
    "@pixi/settings" "5.3.9"
    "@pixi/sprite" "5.3.9"
    "@pixi/utils" "5.3.9"

"@pixi/mixin-get-child-by-name@5.3.9":
  version "5.3.9"
  resolved "https://registry.yarnpkg.com/@pixi/mixin-get-child-by-name/-/mixin-get-child-by-name-5.3.9.tgz#a5feb5022f9691b9c9a5221da512202c215bf77f"
  integrity sha512-rGjPrKSdr84iHMxQp26ZHYEc1BStLsNsxyQLcKCxOGZzzzP7g2X8Wwsw66Ie51U/ue4OpcxcUoGOlh88hVJtNw==
  dependencies:
    "@pixi/display" "5.3.9"

"@pixi/mixin-get-global-position@5.3.9":
  version "5.3.9"
  resolved "https://registry.yarnpkg.com/@pixi/mixin-get-global-position/-/mixin-get-global-position-5.3.9.tgz#a8c3763ba7c5da119d2c66ab9f6ed6dbb426a1e0"
  integrity sha512-HPhb7gI3XnO8bJonqXYt/dEesh7TD6EkLHzKq8d7GdrB+JebfK4RMwgbL6vliVQianmTzl2J/1NgZ96fKg8HAw==
  dependencies:
    "@pixi/display" "5.3.9"
    "@pixi/math" "5.3.9"

"@pixi/particles@5.3.9":
  version "5.3.9"
  resolved "https://registry.yarnpkg.com/@pixi/particles/-/particles-5.3.9.tgz#9eacf15a7803d039474d889844a3f252213bdaca"
  integrity sha512-NAB3to0Om5LicwUpMeMsjxaXZYXi9mdTOgucXirf7I+RKPEp8wZg9g10esXjFjCryQYSlr2YPTpfANiK2pzdJw==
  dependencies:
    "@pixi/constants" "5.3.9"
    "@pixi/core" "5.3.9"
    "@pixi/display" "5.3.9"
    "@pixi/math" "5.3.9"
    "@pixi/utils" "5.3.9"

"@pixi/polyfill@5.3.9":
  version "5.3.9"
  resolved "https://registry.yarnpkg.com/@pixi/polyfill/-/polyfill-5.3.9.tgz#f9ca05a2239c5886587f97b8bf4b2fa2b340e630"
  integrity sha512-y5DLSWtIMafET1o4C1xfNyXvZGC5HZLqRoQ7ypmvjcn7owk2C+61KPV0rrH5kyK5ncWaI6utnoVyvivo/Shp8A==
  dependencies:
    es6-promise-polyfill "^1.2.0"
    object-assign "^4.1.1"

"@pixi/prepare@5.3.9":
  version "5.3.9"
  resolved "https://registry.yarnpkg.com/@pixi/prepare/-/prepare-5.3.9.tgz#083cd7c89ee404457cefebac58f72bab359c0c1c"
  integrity sha512-ykb5YI06rYPQm5ZC8ymmVprjyno4WskRdr8DRuq/z8008ZqL1+YN0Yw/8v0aXpOdh43uPYUPHvHj77tLuV8BRQ==
  dependencies:
    "@pixi/core" "5.3.9"
    "@pixi/display" "5.3.9"
    "@pixi/graphics" "5.3.9"
    "@pixi/settings" "5.3.9"
    "@pixi/text" "5.3.9"
    "@pixi/ticker" "5.3.9"

"@pixi/runner@5.3.9":
  version "5.3.9"
  resolved "https://registry.yarnpkg.com/@pixi/runner/-/runner-5.3.9.tgz#f0f5702c2df30f4934dffccd9ed4c615172acca7"
  integrity sha512-AN36mZivER12D1wmjoAf7scjK1JLO/uA9PyzfAResccafkev4W/PtjAYODSYUbNf3SnxvQMlpdVK7NHSwnxifQ==

"@pixi/settings@5.3.9":
  version "5.3.9"
  resolved "https://registry.yarnpkg.com/@pixi/settings/-/settings-5.3.9.tgz#3d4b8c65e7a6d08941209bc7ee1311d120c0a149"
  integrity sha512-4moUuiDOibv/Fm2QVUg2TUL/6ZmYEi6OSifV4OlzMkaoyEtpc//4YC6nm+a0zDoQ2SxCWn9ADUexkNGsKNwi6Q==
  dependencies:
    ismobilejs "^1.1.0"

"@pixi/sprite-animated@5.3.9":
  version "5.3.9"
  resolved "https://registry.yarnpkg.com/@pixi/sprite-animated/-/sprite-animated-5.3.9.tgz#c677a15aae9c9510abbaf48d5b921cb327817742"
  integrity sha512-8s4Y8eHMbzwDX62LuvW0E8TV5mNnLcrqYGXxh5AkY5pp2b33ob9LD6ajs9vfVAaAXLwCjNCWy6N8K7jB07NzhQ==
  dependencies:
    "@pixi/core" "5.3.9"
    "@pixi/sprite" "5.3.9"
    "@pixi/ticker" "5.3.9"

"@pixi/sprite-tiling@5.3.9":
  version "5.3.9"
  resolved "https://registry.yarnpkg.com/@pixi/sprite-tiling/-/sprite-tiling-5.3.9.tgz#5166435001c7bbf4d03cbf9e4d24fdb598f72649"
  integrity sha512-3KgsYJcdR4VCHNa9vdsbrJOpAFg9ggNvGhHfU2zrZqv54b2NK1ieBLgFLXsefB2/1SYpgWjQUQ9wWzoc8Z5NXQ==
  dependencies:
    "@pixi/constants" "5.3.9"
    "@pixi/core" "5.3.9"
    "@pixi/display" "5.3.9"
    "@pixi/math" "5.3.9"
    "@pixi/sprite" "5.3.9"
    "@pixi/utils" "5.3.9"

"@pixi/sprite@5.3.9":
  version "5.3.9"
  resolved "https://registry.yarnpkg.com/@pixi/sprite/-/sprite-5.3.9.tgz#46cc41c64129a03bdbc4c95a4a9b0725ddf8acdc"
  integrity sha512-NCBl53D3OGuXyBzsDY5j4tzyMhXo9x3B9tGkZTaPamy6LFuJAHKz1rJLCft0dhQG0mCRihDHA7RVJF6t2NcQag==
  dependencies:
    "@pixi/constants" "5.3.9"
    "@pixi/core" "5.3.9"
    "@pixi/display" "5.3.9"
    "@pixi/math" "5.3.9"
    "@pixi/settings" "5.3.9"
    "@pixi/utils" "5.3.9"

"@pixi/spritesheet@5.3.9":
  version "5.3.9"
  resolved "https://registry.yarnpkg.com/@pixi/spritesheet/-/spritesheet-5.3.9.tgz#33983aeb1fd7e61ee8841d7f60d48ca3c3805971"
  integrity sha512-N7wK8qQMI8rBpLXO1QalA9HOJ8j0+jM/ZYl2JWewo8rbxKpXTllOazr8QdSaofxAhCCsmG2QBzfR//tZS+WfGg==
  dependencies:
    "@pixi/core" "5.3.9"
    "@pixi/loaders" "5.3.9"
    "@pixi/math" "5.3.9"
    "@pixi/utils" "5.3.9"

"@pixi/text-bitmap@5.3.9":
  version "5.3.9"
  resolved "https://registry.yarnpkg.com/@pixi/text-bitmap/-/text-bitmap-5.3.9.tgz#c2e1de4871078464a244fbfda10843f0e9f196d3"
  integrity sha512-s33Y+iiiLIIe4d9Tevn8VQ9HZfmpud0GU1OdoWRhMAKiXXsoI12e+hzVS6bOS5rsD0iyyS7Bcs4zxbBezSU24A==
  dependencies:
    "@pixi/core" "5.3.9"
    "@pixi/display" "5.3.9"
    "@pixi/loaders" "5.3.9"
    "@pixi/math" "5.3.9"
    "@pixi/mesh" "5.3.9"
    "@pixi/settings" "5.3.9"
    "@pixi/text" "5.3.9"
    "@pixi/utils" "5.3.9"

"@pixi/text@5.3.9":
  version "5.3.9"
  resolved "https://registry.yarnpkg.com/@pixi/text/-/text-5.3.9.tgz#15fbd2a197dd65e8e26cc2d7fc91d59b9066e3be"
  integrity sha512-QT1XRqLpaN0IsIHCbL8hgvRQSoHTodgvjeMCfAbp8KC0fLYxxKaD7RIU02Ito1Vl0cGON65/lg/qQMegQocgsg==
  dependencies:
    "@pixi/core" "5.3.9"
    "@pixi/math" "5.3.9"
    "@pixi/settings" "5.3.9"
    "@pixi/sprite" "5.3.9"
    "@pixi/utils" "5.3.9"

"@pixi/ticker@5.3.9":
  version "5.3.9"
  resolved "https://registry.yarnpkg.com/@pixi/ticker/-/ticker-5.3.9.tgz#f124cc2d9c06872d8fca4efbc20755df18284351"
  integrity sha512-t7hc72X70lAp3H+m5BY6fS3U6XOdMqQrv6+5z4vfqBBr1lOuJGWUhgIpGXk0qhOl4F88LQlXkOsfk/qqUN+NCQ==
  dependencies:
    "@pixi/settings" "5.3.9"

"@pixi/utils@5.3.9":
  version "5.3.9"
  resolved "https://registry.yarnpkg.com/@pixi/utils/-/utils-5.3.9.tgz#6077c79b268496e73fe2715c68c9139b7325ef9e"
  integrity sha512-yvwaRo9VtSTAQsEFkYHjz12h3eW5Ww8Emk6XunEOiGPlByvs7AUsDpDGcym7DcKlePszHBSDPOj6gW56pZLzdA==
  dependencies:
    "@pixi/constants" "5.3.9"
    "@pixi/settings" "5.3.9"
    earcut "^2.1.5"
    eventemitter3 "^3.1.0"
    url "^0.11.0"

colorette@^1.2.2:
  version "1.2.2"
  resolved "https://registry.yarnpkg.com/colorette/-/colorette-1.2.2.tgz#cbcc79d5e99caea2dbf10eb3a26fd8b3e6acfa94"
  integrity sha512-MKGMzyfeuutC/ZJ1cba9NqcNpfeqMUcYmyF1ZFY6/Cn7CNSAKx6a+s48sqLqyAiZuaP2TcqMhoo+dlwFnVxT9w==

earcut@^2.1.5:
  version "2.2.2"
  resolved "https://registry.yarnpkg.com/earcut/-/earcut-2.2.2.tgz#41b0bc35f63e0fe80da7cddff28511e7e2e80d11"
  integrity sha512-eZoZPPJcUHnfRZ0PjLvx2qBordSiO8ofC3vt+qACLM95u+4DovnbYNpQtJh0DNsWj8RnxrQytD4WA8gj5cRIaQ==

es6-promise-polyfill@^1.2.0:
  version "1.2.0"
  resolved "https://registry.yarnpkg.com/es6-promise-polyfill/-/es6-promise-polyfill-1.2.0.tgz#f38925f23cb3e3e8ce6cda8ff774fcebbb090cde"
  integrity sha1-84kl8jyz4+jObNqP93T867sJDN4=

esbuild@^0.9.3:
  version "0.9.7"
  resolved "https://registry.yarnpkg.com/esbuild/-/esbuild-0.9.7.tgz#ea0d639cbe4b88ec25fbed4d6ff00c8d788ef70b"
  integrity sha512-VtUf6aQ89VTmMLKrWHYG50uByMF4JQlVysb8dmg6cOgW8JnFCipmz7p+HNBl+RR3LLCuBxFGVauAe2wfnF9bLg==

eventemitter3@^3.1.0:
  version "3.1.2"
  resolved "https://registry.yarnpkg.com/eventemitter3/-/eventemitter3-3.1.2.tgz#2d3d48f9c346698fce83a85d7d664e98535df6e7"
  integrity sha512-tvtQIeLVHjDkJYnzf2dgVMxfuSGJeM/7UCG17TT4EumTfNtF+0nebF/4zWOIkCreAbtNqhGEboB6BWrwqNaw4Q==

fsevents@~2.3.1:
  version "2.3.2"
  resolved "https://registry.yarnpkg.com/fsevents/-/fsevents-2.3.2.tgz#8a526f78b8fdf4623b709e0b975c52c24c02fd1a"
  integrity sha512-xiqMQR4xAeHTuB9uWm+fFRcIOgKBMiOBP+eXiyT7jsgVCq1bkVygt00oASowB7EdtpOHaaPgKt812P9ab+DDKA==

function-bind@^1.1.1:
  version "1.1.1"
  resolved "https://registry.yarnpkg.com/function-bind/-/function-bind-1.1.1.tgz#a56899d3ea3c9bab874bb9773b7c5ede92f4895d"
  integrity sha512-yIovAzMX49sF8Yl58fSCWJ5svSLuaibPxXQJFLmBObTuCr0Mf1KiPopGM9NiFjiYBCbfaa2Fh6breQ6ANVTI0A==

has@^1.0.3:
  version "1.0.3"
  resolved "https://registry.yarnpkg.com/has/-/has-1.0.3.tgz#722d7cbfc1f6aa8241f16dd814e011e1f41e8796"
  integrity sha512-f2dvO0VU6Oej7RkWJGrehjbzMAjFp5/VKPp5tTpWIV4JHHZK1/BxbFRtf/siA2SWTe09caDmVtYYzWEIbBS4zw==
  dependencies:
    function-bind "^1.1.1"

is-core-module@^2.2.0:
  version "2.2.0"
  resolved "https://registry.yarnpkg.com/is-core-module/-/is-core-module-2.2.0.tgz#97037ef3d52224d85163f5597b2b63d9afed981a"
  integrity sha512-XRAfAdyyY5F5cOXn7hYQDqh2Xmii+DEfIcQGxK/uNwMHhIkPWO0g8msXcbzLe+MpGoR951MlqM/2iIlU4vKDdQ==
  dependencies:
    has "^1.0.3"

ismobilejs@^1.1.0:
  version "1.1.1"
  resolved "https://registry.yarnpkg.com/ismobilejs/-/ismobilejs-1.1.1.tgz#c56ca0ae8e52b24ca0f22ba5ef3215a2ddbbaa0e"
  integrity sha512-VaFW53yt8QO61k2WJui0dHf4SlL8lxBofUuUmwBo0ljPk0Drz2TiuDW4jo3wDcv41qy/SxrJ+VAzJ/qYqsmzRw==

mini-signals@^1.2.0:
  version "1.2.0"
  resolved "https://registry.yarnpkg.com/mini-signals/-/mini-signals-1.2.0.tgz#45b08013c5fae51a24aa1a935cd317c9ed721d74"
  integrity sha1-RbCAE8X65RokqhqTXNMXye1yHXQ=

nanoid@^3.1.20:
  version "3.1.22"
  resolved "https://registry.yarnpkg.com/nanoid/-/nanoid-3.1.22.tgz#b35f8fb7d151990a8aebd5aa5015c03cf726f844"
  integrity sha512-/2ZUaJX2ANuLtTvqTlgqBQNJoQO398KyJgZloL0PZkC0dpysjncRUPsFe3DUPzz/y3h+u7C46np8RMuvF3jsSQ==

object-assign@^4.1.1:
  version "4.1.1"
  resolved "https://registry.yarnpkg.com/object-assign/-/object-assign-4.1.1.tgz#2109adc7965887cfc05cbbd442cac8bfbb360863"
  integrity sha1-IQmtx5ZYh8/AXLvUQsrIv7s2CGM=

parse-uri@^1.0.0:
  version "1.0.3"
  resolved "https://registry.yarnpkg.com/parse-uri/-/parse-uri-1.0.3.tgz#f3c24a74907a4e357c1741e96ca9faadecfd6db5"
  integrity sha512-upMnGxNcm+45So85HoguwZTVZI9u11i36DdxJfGF2HYWS2eh3TIx7+/tTi7qrEq15qzGkVhsKjesau+kCk48pA==

path-parse@^1.0.6:
  version "1.0.6"
  resolved "https://registry.yarnpkg.com/path-parse/-/path-parse-1.0.6.tgz#d62dbb5679405d72c4737ec58600e9ddcf06d24c"
  integrity sha512-GSmOT2EbHrINBf9SR7CDELwlJ8AENk3Qn7OikK4nFYAu3Ote2+JYNVvkpAEQm3/TLNEJFD/xZJjzyxg3KBWOzw==

pixi.js@^5.3.8:
  version "5.3.9"
  resolved "https://registry.yarnpkg.com/pixi.js/-/pixi.js-5.3.9.tgz#073fdf4bfbd644b128555bc17e90f62a2d3afa6d"
  integrity sha512-MLczwbhFmFBXImy9TlUbjnQb8nQK3Zez/UHs2z3cBqXDLx9wSZ0kwJbeY4XAWuJNy3WeZtqKeDoteonNaDxMUQ==
  dependencies:
    "@pixi/accessibility" "5.3.9"
    "@pixi/app" "5.3.9"
    "@pixi/constants" "5.3.9"
    "@pixi/core" "5.3.9"
    "@pixi/display" "5.3.9"
    "@pixi/extract" "5.3.9"
    "@pixi/filter-alpha" "5.3.9"
    "@pixi/filter-blur" "5.3.9"
    "@pixi/filter-color-matrix" "5.3.9"
    "@pixi/filter-displacement" "5.3.9"
    "@pixi/filter-fxaa" "5.3.9"
    "@pixi/filter-noise" "5.3.9"
    "@pixi/graphics" "5.3.9"
    "@pixi/interaction" "5.3.9"
    "@pixi/loaders" "5.3.9"
    "@pixi/math" "5.3.9"
    "@pixi/mesh" "5.3.9"
    "@pixi/mesh-extras" "5.3.9"
    "@pixi/mixin-cache-as-bitmap" "5.3.9"
    "@pixi/mixin-get-child-by-name" "5.3.9"
    "@pixi/mixin-get-global-position" "5.3.9"
    "@pixi/particles" "5.3.9"
    "@pixi/polyfill" "5.3.9"
    "@pixi/prepare" "5.3.9"
    "@pixi/runner" "5.3.9"
    "@pixi/settings" "5.3.9"
    "@pixi/sprite" "5.3.9"
    "@pixi/sprite-animated" "5.3.9"
    "@pixi/sprite-tiling" "5.3.9"
    "@pixi/spritesheet" "5.3.9"
    "@pixi/text" "5.3.9"
    "@pixi/text-bitmap" "5.3.9"
    "@pixi/ticker" "5.3.9"
    "@pixi/utils" "5.3.9"

postcss@^8.2.1:
  version "8.2.8"
  resolved "https://registry.yarnpkg.com/postcss/-/postcss-8.2.8.tgz#0b90f9382efda424c4f0f69a2ead6f6830d08ece"
  integrity sha512-1F0Xb2T21xET7oQV9eKuctbM9S7BC0fetoHCc4H13z0PT6haiRLP4T0ZY4XWh7iLP0usgqykT6p9B2RtOf4FPw==
  dependencies:
    colorette "^1.2.2"
    nanoid "^3.1.20"
    source-map "^0.6.1"

punycode@1.3.2:
  version "1.3.2"
  resolved "https://registry.yarnpkg.com/punycode/-/punycode-1.3.2.tgz#9653a036fb7c1ee42342f2325cceefea3926c48d"
  integrity sha1-llOgNvt8HuQjQvIyXM7v6jkmxI0=

querystring@0.2.0:
  version "0.2.0"
  resolved "https://registry.yarnpkg.com/querystring/-/querystring-0.2.0.tgz#b209849203bb25df820da756e747005878521620"
  integrity sha1-sgmEkgO7Jd+CDadW50cAWHhSFiA=

resolve@^1.19.0:
  version "1.20.0"
  resolved "https://registry.yarnpkg.com/resolve/-/resolve-1.20.0.tgz#629a013fb3f70755d6f0b7935cc1c2c5378b1975"
  integrity sha512-wENBPt4ySzg4ybFQW2TT1zMQucPK95HSh/nq2CFTZVOGut2+pQvSsgtda4d26YrYcr067wjbmzOG8byDPBX63A==
  dependencies:
    is-core-module "^2.2.0"
    path-parse "^1.0.6"

resource-loader@^3.0.1:
  version "3.0.1"
  resolved "https://registry.yarnpkg.com/resource-loader/-/resource-loader-3.0.1.tgz#33355bb5421e2994f59454bbc7f6dbff8df06d47"
  integrity sha512-fBuCRbEHdLCI1eglzQhUv9Rrdcmqkydr1r6uHE2cYHvRBrcLXeSmbE/qI/urFt8rPr/IGxir3BUwM5kUK8XoyA==
  dependencies:
    mini-signals "^1.2.0"
    parse-uri "^1.0.0"

rollup@^2.38.5:
  version "2.43.1"
  resolved "https://registry.yarnpkg.com/rollup/-/rollup-2.43.1.tgz#9e5c9208c2011de227ac6c93101e11dc12e88e04"
  integrity sha512-kvRE6VJbiv4d8m2nGeccc3qRpzOMghAhu2KeITjyZVCjneIFLPQ3zm2Wmqnl0LcUg3FvDaV0MfKnG4NCMbiSfw==
  optionalDependencies:
    fsevents "~2.3.1"

source-map@^0.6.1:
  version "0.6.1"
  resolved "https://registry.yarnpkg.com/source-map/-/source-map-0.6.1.tgz#74722af32e9614e9c287a8d0bbde48b5e2f1a263"
  integrity sha512-UjgapumWlbMhkBgzT7Ykc5YXUT46F0iKu8SGXq0bcwP5dz/h0Plj6enJqjz1Zbq2l5WaqYnrVbwWOWMyF3F47g==

url@^0.11.0:
  version "0.11.0"
  resolved "https://registry.yarnpkg.com/url/-/url-0.11.0.tgz#3838e97cfc60521eb73c525a8e55bfdd9e2e28f1"
  integrity sha1-ODjpfPxgUh63PFJajlW/3Z4uKPE=
  dependencies:
    punycode "1.3.2"
    querystring "0.2.0"

vite@^2.1.3:
  version "2.1.3"
  resolved "https://registry.yarnpkg.com/vite/-/vite-2.1.3.tgz#a31a844d26d3846b5a78f06970d1ea1f8a442955"
  integrity sha512-bUzArZIUwADVJS/3ywCr4KKFn3a7izs4M87ZDlAlY2V34E4g1kH6p3sVNAh8/IXCn/56fwgMh3rRavPUW7qEQQ==
  dependencies:
    esbuild "^0.9.3"
    postcss "^8.2.1"
    resolve "^1.19.0"
    rollup "^2.38.5"
  optionalDependencies:
    fsevents "~2.3.1"
