# THIS IS AN AUTOGENERATED FILE. DO NOT EDIT THIS FILE DIRECTLY.
# yarn lockfile v1


"@pixi/accessibility@5.3.8":
  version "5.3.8"
  resolved "https://registry.npm.taobao.org/@pixi/accessibility/download/@pixi/accessibility-5.3.8.tgz#c80a5a0849b82dc97b52bbe8e65ebef61ec8a6ff"
  integrity sha1-yApaCEm4Lcl7Urvo5l6+9h7Ipv8=
  dependencies:
    "@pixi/core" "5.3.8"
    "@pixi/display" "5.3.8"
    "@pixi/utils" "5.3.8"

"@pixi/app@5.3.8":
  version "5.3.8"
  resolved "https://registry.npm.taobao.org/@pixi/app/download/@pixi/app-5.3.8.tgz#e13d36fa5fc2b1e052a81ce67f053a0bec8504f3"
  integrity sha1-4T02+l/CseBSqBzmfwU6C+yFBPM=
  dependencies:
    "@pixi/core" "5.3.8"
    "@pixi/display" "5.3.8"

"@pixi/constants@5.3.8":
  version "5.3.8"
  resolved "https://registry.npm.taobao.org/@pixi/constants/download/@pixi/constants-5.3.8.tgz#3777b268feab6a5636bb8508fbbaad41c0b30874"
  integrity sha1-N3eyaP6ralY2u4UI+7qtQcCzCHQ=

"@pixi/core@5.3.8":
  version "5.3.8"
  resolved "https://registry.npm.taobao.org/@pixi/core/download/@pixi/core-5.3.8.tgz#28e6348b5f99aa2cfc9483796219dd379a858b36"
  integrity sha1-KOY0i1+Zqiz8lIN5YhndN5qFizY=
  dependencies:
    "@pixi/constants" "5.3.8"
    "@pixi/math" "5.3.8"
    "@pixi/runner" "5.3.8"
    "@pixi/settings" "5.3.8"
    "@pixi/ticker" "5.3.8"
    "@pixi/utils" "5.3.8"

"@pixi/display@5.3.8":
  version "5.3.8"
  resolved "https://registry.npm.taobao.org/@pixi/display/download/@pixi/display-5.3.8.tgz#4a351f834af249a02928a9fbee61b31edb9c977c"
  integrity sha1-SjUfg0rySaApKKn77mGzHtucl3w=
  dependencies:
    "@pixi/math" "5.3.8"
    "@pixi/settings" "5.3.8"
    "@pixi/utils" "5.3.8"

"@pixi/extract@5.3.8":
  version "5.3.8"
  resolved "https://registry.npm.taobao.org/@pixi/extract/download/@pixi/extract-5.3.8.tgz#851a8b346993b920f46a9b3c67611464e7aa7d28"
  integrity sha1-hRqLNGmTuSD0aps8Z2EUZOeqfSg=
  dependencies:
    "@pixi/core" "5.3.8"
    "@pixi/math" "5.3.8"
    "@pixi/utils" "5.3.8"

"@pixi/filter-alpha@5.3.8":
  version "5.3.8"
  resolved "https://registry.npm.taobao.org/@pixi/filter-alpha/download/@pixi/filter-alpha-5.3.8.tgz#2a2d878071833e8e781af4cf136bbce822ba2a57"
  integrity sha1-Ki2HgHGDPo54GvTPE2u86CK6Klc=
  dependencies:
    "@pixi/core" "5.3.8"

"@pixi/filter-blur@5.3.8":
  version "5.3.8"
  resolved "https://registry.npm.taobao.org/@pixi/filter-blur/download/@pixi/filter-blur-5.3.8.tgz#1a1c573f98f6d8e1d3cde5ef980f296a7a052e23"
  integrity sha1-GhxXP5j22OHTzeXvmA8panoFLiM=
  dependencies:
    "@pixi/core" "5.3.8"
    "@pixi/settings" "5.3.8"

"@pixi/filter-color-matrix@5.3.8":
  version "5.3.8"
  resolved "https://registry.npm.taobao.org/@pixi/filter-color-matrix/download/@pixi/filter-color-matrix-5.3.8.tgz#24d254587159cf4cb46386df4c89bb9d0686163c"
  integrity sha1-JNJUWHFZz0y0Y4bfTIm7nQaGFjw=
  dependencies:
    "@pixi/core" "5.3.8"

"@pixi/filter-displacement@5.3.8":
  version "5.3.8"
  resolved "https://registry.npm.taobao.org/@pixi/filter-displacement/download/@pixi/filter-displacement-5.3.8.tgz#d184ab5a637382b4473462e2f4a21d8ef9f67861"
  integrity sha1-0YSrWmNzgrRHNGLi9KIdjvn2eGE=
  dependencies:
    "@pixi/core" "5.3.8"
    "@pixi/math" "5.3.8"

"@pixi/filter-fxaa@5.3.8":
  version "5.3.8"
  resolved "https://registry.npm.taobao.org/@pixi/filter-fxaa/download/@pixi/filter-fxaa-5.3.8.tgz#dbf954b9cb999aa60ecfe254062a178afd1fbd79"
  integrity sha1-2/lUucuZmqYOz+JUBioXiv0fvXk=
  dependencies:
    "@pixi/core" "5.3.8"

"@pixi/filter-noise@5.3.8":
  version "5.3.8"
  resolved "https://registry.npm.taobao.org/@pixi/filter-noise/download/@pixi/filter-noise-5.3.8.tgz#1a927ba9ba3ce73434a939543571579d82e3c569"
  integrity sha1-GpJ7qbo85zQ0qTlUNXFXnYLjxWk=
  dependencies:
    "@pixi/core" "5.3.8"

"@pixi/graphics@5.3.8":
  version "5.3.8"
  resolved "https://registry.npm.taobao.org/@pixi/graphics/download/@pixi/graphics-5.3.8.tgz#7cf8b6f9fc7c5b503dc0dec2f6650803a8f89ded"
  integrity sha1-fPi2+fx8W1A9wN7C9mUIA6j4ne0=
  dependencies:
    "@pixi/constants" "5.3.8"
    "@pixi/core" "5.3.8"
    "@pixi/display" "5.3.8"
    "@pixi/math" "5.3.8"
    "@pixi/sprite" "5.3.8"
    "@pixi/utils" "5.3.8"

"@pixi/interaction@5.3.8":
  version "5.3.8"
  resolved "https://registry.npm.taobao.org/@pixi/interaction/download/@pixi/interaction-5.3.8.tgz#12fd73162326fbb4fbc35ad76a2cb343981846cb"
  integrity sha1-Ev1zFiMm+7T7w1rXaiyzQ5gYRss=
  dependencies:
    "@pixi/core" "5.3.8"
    "@pixi/display" "5.3.8"
    "@pixi/math" "5.3.8"
    "@pixi/ticker" "5.3.8"
    "@pixi/utils" "5.3.8"

"@pixi/loaders@5.3.8":
  version "5.3.8"
  resolved "https://registry.npm.taobao.org/@pixi/loaders/download/@pixi/loaders-5.3.8.tgz#78a53a137972dc78d66891f602fd2e80bdddc93a"
  integrity sha1-eKU6E3ly3HjWaJH2Av0ugL3dyTo=
  dependencies:
    "@pixi/core" "5.3.8"
    "@pixi/utils" "5.3.8"
    resource-loader "^3.0.1"

"@pixi/math@5.3.8":
  version "5.3.8"
  resolved "https://registry.npm.taobao.org/@pixi/math/download/@pixi/math-5.3.8.tgz#fe9081709806e20ee778e04cf4f5e281062d9f74"
  integrity sha1-/pCBcJgG4g7neOBM9PXigQYtn3Q=

"@pixi/mesh-extras@5.3.8":
  version "5.3.8"
  resolved "https://registry.npm.taobao.org/@pixi/mesh-extras/download/@pixi/mesh-extras-5.3.8.tgz#d040044aab1951cebfc67bc7b94caf62b8de6405"
  integrity sha1-0EAESqsZUc6/xnvHuUyvYrjeZAU=
  dependencies:
    "@pixi/constants" "5.3.8"
    "@pixi/core" "5.3.8"
    "@pixi/math" "5.3.8"
    "@pixi/mesh" "5.3.8"
    "@pixi/utils" "5.3.8"

"@pixi/mesh@5.3.8":
  version "5.3.8"
  resolved "https://registry.npm.taobao.org/@pixi/mesh/download/@pixi/mesh-5.3.8.tgz#e5a6ef1f0beadd948c143de4370c6fd5bd5e2430"
  integrity sha1-5abvHwvq3ZSMFD3kNwxv1b1eJDA=
  dependencies:
    "@pixi/constants" "5.3.8"
    "@pixi/core" "5.3.8"
    "@pixi/display" "5.3.8"
    "@pixi/math" "5.3.8"
    "@pixi/settings" "5.3.8"
    "@pixi/utils" "5.3.8"

"@pixi/mixin-cache-as-bitmap@5.3.8":
  version "5.3.8"
  resolved "https://registry.npm.taobao.org/@pixi/mixin-cache-as-bitmap/download/@pixi/mixin-cache-as-bitmap-5.3.8.tgz#f614e4007f2ab1ad557b0e1949280118cca245a9"
  integrity sha1-9hTkAH8qsa1Vew4ZSSgBGMyiRak=
  dependencies:
    "@pixi/core" "5.3.8"
    "@pixi/display" "5.3.8"
    "@pixi/math" "5.3.8"
    "@pixi/settings" "5.3.8"
    "@pixi/sprite" "5.3.8"
    "@pixi/utils" "5.3.8"

"@pixi/mixin-get-child-by-name@5.3.8":
  version "5.3.8"
  resolved "https://registry.npm.taobao.org/@pixi/mixin-get-child-by-name/download/@pixi/mixin-get-child-by-name-5.3.8.tgz#f487942d2ab8a64f7a4b5adce2a6e390970a4f75"
  integrity sha1-9IeULSq4pk96S1rc4qbjkJcKT3U=
  dependencies:
    "@pixi/display" "5.3.8"

"@pixi/mixin-get-global-position@5.3.8":
  version "5.3.8"
  resolved "https://registry.npm.taobao.org/@pixi/mixin-get-global-position/download/@pixi/mixin-get-global-position-5.3.8.tgz#ac927fcec19913b48c2aee2db53d185e4b572a64"
  integrity sha1-rJJ/zsGZE7SMKu4ttT0YXktXKmQ=
  dependencies:
    "@pixi/display" "5.3.8"
    "@pixi/math" "5.3.8"

"@pixi/particles@5.3.8":
  version "5.3.8"
  resolved "https://registry.npm.taobao.org/@pixi/particles/download/@pixi/particles-5.3.8.tgz#6ca5f9c8ea58be91fdddfd76ef1a6e37ea3add72"
  integrity sha1-bKX5yOpYvpH93f127xpuN+o63XI=
  dependencies:
    "@pixi/constants" "5.3.8"
    "@pixi/core" "5.3.8"
    "@pixi/display" "5.3.8"
    "@pixi/math" "5.3.8"
    "@pixi/utils" "5.3.8"

"@pixi/polyfill@5.3.8":
  version "5.3.8"
  resolved "https://registry.npm.taobao.org/@pixi/polyfill/download/@pixi/polyfill-5.3.8.tgz#425433c95f91615136e456fe8448b230a3fcc8cc"
  integrity sha1-QlQzyV+RYVE25Fb+hEiyMKP8yMw=
  dependencies:
    es6-promise-polyfill "^1.2.0"
    object-assign "^4.1.1"

"@pixi/prepare@5.3.8":
  version "5.3.8"
  resolved "https://registry.npm.taobao.org/@pixi/prepare/download/@pixi/prepare-5.3.8.tgz#451183c43611c06adc10afaa28d8e54aa67b19ee"
  integrity sha1-RRGDxDYRwGrcEK+qKNjlSqZ7Ge4=
  dependencies:
    "@pixi/core" "5.3.8"
    "@pixi/display" "5.3.8"
    "@pixi/graphics" "5.3.8"
    "@pixi/settings" "5.3.8"
    "@pixi/text" "5.3.8"
    "@pixi/ticker" "5.3.8"

"@pixi/runner@5.3.8":
  version "5.3.8"
  resolved "https://registry.npm.taobao.org/@pixi/runner/download/@pixi/runner-5.3.8.tgz#6d6d36c2d573f490d7ed68dae9ddcc3063b5be77"
  integrity sha1-bW02wtVz9JDX7Wja6d3MMGO1vnc=

"@pixi/settings@5.3.8":
  version "5.3.8"
  resolved "https://registry.npm.taobao.org/@pixi/settings/download/@pixi/settings-5.3.8.tgz#58275eae1ced5dc47c76f9cd22e33bbf71f1cd0e"
  integrity sha1-WCderhztXcR8dvnNIuM7v3HxzQ4=
  dependencies:
    ismobilejs "^1.1.0"

"@pixi/sprite-animated@5.3.8":
  version "5.3.8"
  resolved "https://registry.npm.taobao.org/@pixi/sprite-animated/download/@pixi/sprite-animated-5.3.8.tgz#e6588f28320d7cb10d97cb186d63ff7e3da55bd3"
  integrity sha1-5liPKDINfLENl8sYbWP/fj2lW9M=
  dependencies:
    "@pixi/core" "5.3.8"
    "@pixi/sprite" "5.3.8"
    "@pixi/ticker" "5.3.8"

"@pixi/sprite-tiling@5.3.8":
  version "5.3.8"
  resolved "https://registry.npm.taobao.org/@pixi/sprite-tiling/download/@pixi/sprite-tiling-5.3.8.tgz#08f35ce57be2c2b8e294a6eb3830cb279b94c243"
  integrity sha1-CPNc5XviwrjilKbrODDLJ5uUwkM=
  dependencies:
    "@pixi/constants" "5.3.8"
    "@pixi/core" "5.3.8"
    "@pixi/display" "5.3.8"
    "@pixi/math" "5.3.8"
    "@pixi/sprite" "5.3.8"
    "@pixi/utils" "5.3.8"

"@pixi/sprite@5.3.8":
  version "5.3.8"
  resolved "https://registry.npm.taobao.org/@pixi/sprite/download/@pixi/sprite-5.3.8.tgz#6cfb06f6c27555d9043b0422f48a641f6794ce24"
  integrity sha1-bPsG9sJ1VdkEOwQi9IpkH2eUziQ=
  dependencies:
    "@pixi/constants" "5.3.8"
    "@pixi/core" "5.3.8"
    "@pixi/display" "5.3.8"
    "@pixi/math" "5.3.8"
    "@pixi/settings" "5.3.8"
    "@pixi/utils" "5.3.8"

"@pixi/spritesheet@5.3.8":
  version "5.3.8"
  resolved "https://registry.npm.taobao.org/@pixi/spritesheet/download/@pixi/spritesheet-5.3.8.tgz#66b22c5342e394a51f844d872191bee6e8c81c9f"
  integrity sha1-ZrIsU0LjlKUfhE2HIZG+5ujIHJ8=
  dependencies:
    "@pixi/core" "5.3.8"
    "@pixi/loaders" "5.3.8"
    "@pixi/math" "5.3.8"
    "@pixi/utils" "5.3.8"

"@pixi/text-bitmap@5.3.8":
  version "5.3.8"
  resolved "https://registry.npm.taobao.org/@pixi/text-bitmap/download/@pixi/text-bitmap-5.3.8.tgz#7b991bb28b6879478e9a031ffc15164efd79f0f7"
  integrity sha1-e5kbsotoeUeOmgMf/BUWTv158Pc=
  dependencies:
    "@pixi/core" "5.3.8"
    "@pixi/display" "5.3.8"
    "@pixi/loaders" "5.3.8"
    "@pixi/math" "5.3.8"
    "@pixi/mesh" "5.3.8"
    "@pixi/settings" "5.3.8"
    "@pixi/text" "5.3.8"
    "@pixi/utils" "5.3.8"

"@pixi/text@5.3.8":
  version "5.3.8"
  resolved "https://registry.npm.taobao.org/@pixi/text/download/@pixi/text-5.3.8.tgz#4cee2526fe25798f4ea4d1f7a6e89485e5ddc588"
  integrity sha1-TO4lJv4leY9OpNH3puiUheXdxYg=
  dependencies:
    "@pixi/core" "5.3.8"
    "@pixi/math" "5.3.8"
    "@pixi/settings" "5.3.8"
    "@pixi/sprite" "5.3.8"
    "@pixi/utils" "5.3.8"

"@pixi/ticker@5.3.8":
  version "5.3.8"
  resolved "https://registry.npm.taobao.org/@pixi/ticker/download/@pixi/ticker-5.3.8.tgz#dc4be5db117a15c72f9e99076b674e09a9d7ecbd"
  integrity sha1-3Evl2xF6FccvnpkHa2dOCanX7L0=
  dependencies:
    "@pixi/settings" "5.3.8"

"@pixi/utils@5.3.8":
  version "5.3.8"
  resolved "https://registry.npm.taobao.org/@pixi/utils/download/@pixi/utils-5.3.8.tgz#ea4d55e59362270b74d9d80d3cd2a3ec9d2da708"
  integrity sha1-6k1V5ZNiJwt02dgNPNKj7J0tpwg=
  dependencies:
    "@pixi/constants" "5.3.8"
    "@pixi/settings" "5.3.8"
    earcut "^2.1.5"
    eventemitter3 "^3.1.0"
    url "^0.11.0"

"@tweenjs/tween.js@^18.6.4":
  version "18.6.4"
  resolved "https://registry.npm.taobao.org/@tweenjs/tween.js/download/@tweenjs/tween.js-18.6.4.tgz#40a3d0a93647124872dec8e0fd1bd5926695b6ca"
  integrity sha1-QKPQqTZHEkhy3sjg/RvVkmaVtso=

colorette@^1.2.2:
  version "1.2.2"
  resolved "https://registry.npm.taobao.org/colorette/download/colorette-1.2.2.tgz?cache=0&sync_timestamp=1614259647923&other_urls=https%3A%2F%2Fregistry.npm.taobao.org%2Fcolorette%2Fdownload%2Fcolorette-1.2.2.tgz#cbcc79d5e99caea2dbf10eb3a26fd8b3e6acfa94"
  integrity sha1-y8x51emcrqLb8Q6zom/Ys+as+pQ=

earcut@^2.1.5:
  version "2.2.2"
  resolved "https://registry.npm.taobao.org/earcut/download/earcut-2.2.2.tgz#41b0bc35f63e0fe80da7cddff28511e7e2e80d11"
  integrity sha1-QbC8NfY+D+gNp83f8oUR5+LoDRE=

es6-promise-polyfill@^1.2.0:
  version "1.2.0"
  resolved "https://registry.npm.taobao.org/es6-promise-polyfill/download/es6-promise-polyfill-1.2.0.tgz#f38925f23cb3e3e8ce6cda8ff774fcebbb090cde"
  integrity sha1-84kl8jyz4+jObNqP93T867sJDN4=

esbuild@^0.8.52:
  version "0.8.57"
  resolved "https://registry.npm.taobao.org/esbuild/download/esbuild-0.8.57.tgz?cache=0&sync_timestamp=1615271952928&other_urls=https%3A%2F%2Fregistry.npm.taobao.org%2Fesbuild%2Fdownload%2Fesbuild-0.8.57.tgz#a42d02bc2b57c70bcd0ef897fe244766bb6dd926"
  integrity sha1-pC0CvCtXxwvNDviX/iRHZrtt2SY=

eventemitter3@^3.1.0:
  version "3.1.2"
  resolved "https://registry.npm.taobao.org/eventemitter3/download/eventemitter3-3.1.2.tgz#2d3d48f9c346698fce83a85d7d664e98535df6e7"
  integrity sha1-LT1I+cNGaY/Og6hdfWZOmFNd9uc=

fsevents@~2.3.1:
  version "2.3.2"
  resolved "https://registry.npm.taobao.org/fsevents/download/fsevents-2.3.2.tgz?cache=0&sync_timestamp=1612537044236&other_urls=https%3A%2F%2Fregistry.npm.taobao.org%2Ffsevents%2Fdownload%2Ffsevents-2.3.2.tgz#8a526f78b8fdf4623b709e0b975c52c24c02fd1a"
  integrity sha1-ilJveLj99GI7cJ4Ll1xSwkwC/Ro=

function-bind@^1.1.1:
  version "1.1.1"
  resolved "https://registry.npm.taobao.org/function-bind/download/function-bind-1.1.1.tgz#a56899d3ea3c9bab874bb9773b7c5ede92f4895d"
  integrity sha1-pWiZ0+o8m6uHS7l3O3xe3pL0iV0=

has@^1.0.3:
  version "1.0.3"
  resolved "https://registry.npm.taobao.org/has/download/has-1.0.3.tgz#722d7cbfc1f6aa8241f16dd814e011e1f41e8796"
  integrity sha1-ci18v8H2qoJB8W3YFOAR4fQeh5Y=
  dependencies:
    function-bind "^1.1.1"

is-core-module@^2.2.0:
  version "2.2.0"
  resolved "https://registry.npm.taobao.org/is-core-module/download/is-core-module-2.2.0.tgz#97037ef3d52224d85163f5597b2b63d9afed981a"
  integrity sha1-lwN+89UiJNhRY/VZeytj2a/tmBo=
  dependencies:
    has "^1.0.3"

ismobilejs@^1.1.0:
  version "1.1.1"
  resolved "https://registry.npm.taobao.org/ismobilejs/download/ismobilejs-1.1.1.tgz#c56ca0ae8e52b24ca0f22ba5ef3215a2ddbbaa0e"
  integrity sha1-xWygro5Sskyg8iul7zIVot27qg4=

mini-signals@^1.2.0:
  version "1.2.0"
  resolved "https://registry.npm.taobao.org/mini-signals/download/mini-signals-1.2.0.tgz#45b08013c5fae51a24aa1a935cd317c9ed721d74"
  integrity sha1-RbCAE8X65RokqhqTXNMXye1yHXQ=

nanoid@^3.1.20:
  version "3.1.20"
  resolved "https://registry.npm.taobao.org/nanoid/download/nanoid-3.1.20.tgz#badc263c6b1dcf14b71efaa85f6ab4c1d6cfc788"
  integrity sha1-utwmPGsdzxS3HvqoX2q0wdbPx4g=

object-assign@^4.1.1:
  version "4.1.1"
  resolved "https://registry.npm.taobao.org/object-assign/download/object-assign-4.1.1.tgz#2109adc7965887cfc05cbbd442cac8bfbb360863"
  integrity sha1-IQmtx5ZYh8/AXLvUQsrIv7s2CGM=

parse-uri@^1.0.0:
  version "1.0.3"
  resolved "https://registry.npm.taobao.org/parse-uri/download/parse-uri-1.0.3.tgz#f3c24a74907a4e357c1741e96ca9faadecfd6db5"
  integrity sha1-88JKdJB6TjV8F0HpbKn6rez9bbU=

path-parse@^1.0.6:
  version "1.0.6"
  resolved "https://registry.npm.taobao.org/path-parse/download/path-parse-1.0.6.tgz#d62dbb5679405d72c4737ec58600e9ddcf06d24c"
  integrity sha1-1i27VnlAXXLEc37FhgDp3c8G0kw=

pixi.js@^5.3.8:
  version "5.3.8"
  resolved "https://registry.npm.taobao.org/pixi.js/download/pixi.js-5.3.8.tgz#f6389f128be61ca81067a8ecf165dc94861957de"
  integrity sha1-9jifEovmHKgQZ6js8WXclIYZV94=
  dependencies:
    "@pixi/accessibility" "5.3.8"
    "@pixi/app" "5.3.8"
    "@pixi/constants" "5.3.8"
    "@pixi/core" "5.3.8"
    "@pixi/display" "5.3.8"
    "@pixi/extract" "5.3.8"
    "@pixi/filter-alpha" "5.3.8"
    "@pixi/filter-blur" "5.3.8"
    "@pixi/filter-color-matrix" "5.3.8"
    "@pixi/filter-displacement" "5.3.8"
    "@pixi/filter-fxaa" "5.3.8"
    "@pixi/filter-noise" "5.3.8"
    "@pixi/graphics" "5.3.8"
    "@pixi/interaction" "5.3.8"
    "@pixi/loaders" "5.3.8"
    "@pixi/math" "5.3.8"
    "@pixi/mesh" "5.3.8"
    "@pixi/mesh-extras" "5.3.8"
    "@pixi/mixin-cache-as-bitmap" "5.3.8"
    "@pixi/mixin-get-child-by-name" "5.3.8"
    "@pixi/mixin-get-global-position" "5.3.8"
    "@pixi/particles" "5.3.8"
    "@pixi/polyfill" "5.3.8"
    "@pixi/prepare" "5.3.8"
    "@pixi/runner" "5.3.8"
    "@pixi/settings" "5.3.8"
    "@pixi/sprite" "5.3.8"
    "@pixi/sprite-animated" "5.3.8"
    "@pixi/sprite-tiling" "5.3.8"
    "@pixi/spritesheet" "5.3.8"
    "@pixi/text" "5.3.8"
    "@pixi/text-bitmap" "5.3.8"
    "@pixi/ticker" "5.3.8"
    "@pixi/utils" "5.3.8"

postcss@^8.2.1:
  version "8.2.7"
  resolved "https://registry.npm.taobao.org/postcss/download/postcss-8.2.7.tgz#48ed8d88b4de10afa0dfd1c3f840aa57b55c4d47"
  integrity sha1-SO2NiLTeEK+g39HD+ECqV7VcTUc=
  dependencies:
    colorette "^1.2.2"
    nanoid "^3.1.20"
    source-map "^0.6.1"

punycode@1.3.2:
  version "1.3.2"
  resolved "https://registry.npm.taobao.org/punycode/download/punycode-1.3.2.tgz#9653a036fb7c1ee42342f2325cceefea3926c48d"
  integrity sha1-llOgNvt8HuQjQvIyXM7v6jkmxI0=

querystring@0.2.0:
  version "0.2.0"
  resolved "https://registry.npm.taobao.org/querystring/download/querystring-0.2.0.tgz#b209849203bb25df820da756e747005878521620"
  integrity sha1-sgmEkgO7Jd+CDadW50cAWHhSFiA=

resolve@^1.19.0:
  version "1.20.0"
  resolved "https://registry.npm.taobao.org/resolve/download/resolve-1.20.0.tgz#629a013fb3f70755d6f0b7935cc1c2c5378b1975"
  integrity sha1-YpoBP7P3B1XW8LeTXMHCxTeLGXU=
  dependencies:
    is-core-module "^2.2.0"
    path-parse "^1.0.6"

resource-loader@^3.0.1:
  version "3.0.1"
  resolved "https://registry.npm.taobao.org/resource-loader/download/resource-loader-3.0.1.tgz#33355bb5421e2994f59454bbc7f6dbff8df06d47"
  integrity sha1-MzVbtUIeKZT1lFS7x/bb/43wbUc=
  dependencies:
    mini-signals "^1.2.0"
    parse-uri "^1.0.0"

rollup@^2.38.5:
  version "2.41.0"
  resolved "https://registry.npm.taobao.org/rollup/download/rollup-2.41.0.tgz?cache=0&sync_timestamp=1615271062102&other_urls=https%3A%2F%2Fregistry.npm.taobao.org%2Frollup%2Fdownload%2Frollup-2.41.0.tgz#b2a398bbabbf227738dedaef099e494aed468982"
  integrity sha1-sqOYu6u/Inc43trvCZ5JSu1GiYI=
  optionalDependencies:
    fsevents "~2.3.1"

source-map@^0.6.1:
  version "0.6.1"
  resolved "https://registry.npm.taobao.org/source-map/download/source-map-0.6.1.tgz#74722af32e9614e9c287a8d0bbde48b5e2f1a263"
  integrity sha1-dHIq8y6WFOnCh6jQu95IteLxomM=

url@^0.11.0:
  version "0.11.0"
  resolved "https://registry.npm.taobao.org/url/download/url-0.11.0.tgz#3838e97cfc60521eb73c525a8e55bfdd9e2e28f1"
  integrity sha1-ODjpfPxgUh63PFJajlW/3Z4uKPE=
  dependencies:
    punycode "1.3.2"
    querystring "0.2.0"

vite@^2.0.5:
  version "2.0.5"
  resolved "https://registry.npm.taobao.org/vite/download/vite-2.0.5.tgz#ac46857a3fa8686d077921e61bd48a986931df1d"
  integrity sha1-rEaFej+oaG0HeSHmG9SKmGkx3x0=
  dependencies:
    esbuild "^0.8.52"
    postcss "^8.2.1"
    resolve "^1.19.0"
    rollup "^2.38.5"
  optionalDependencies:
    fsevents "~2.3.1"
